// !$*UTF8*$!
{
	archiveVersion = 1;
	classes = {
	};
	objectVersion = 56;
	objects = {

/* Begin PBXBuildFile section */
		7F7A66432A32EE070032E8DD /* AppDelegate.swift in Sources */ = {isa = PBXBuildFile; fileRef = 7F7A66422A32EE070032E8DD /* AppDelegate.swift */; };
		7F7A66452A32EE070032E8DD /* SceneDelegate.swift in Sources */ = {isa = PBXBuildFile; fileRef = 7F7A66442A32EE070032E8DD /* SceneDelegate.swift */; };
		7F7A66472A32EE070032E8DD /* ViewController.swift in Sources */ = {isa = PBXBuildFile; fileRef = 7F7A66462A32EE070032E8DD /* ViewController.swift */; };
		7F7A664A2A32EE070032E8DD /* Main.storyboard in Resources */ = {isa = PBXBuildFile; fileRef = 7F7A66482A32EE070032E8DD /* Main.storyboard */; };
		7F7A664C2A32EE080032E8DD /* Assets.xcassets in Resources */ = {isa = PBXBuildFile; fileRef = 7F7A664B2A32EE080032E8DD /* Assets.xcassets */; };
		7F7A664F2A32EE080032E8DD /* LaunchScreen.storyboard in Resources */ = {isa = PBXBuildFile; fileRef = 7F7A664D2A32EE080032E8DD /* LaunchScreen.storyboard */; };
		7F7A66572A32F2240032E8DD /* QuizViewController.swift in Sources */ = {isa = PBXBuildFile; fileRef = 7F7A66562A32F2240032E8DD /* QuizViewController.swift */; };
		7F7A66592A32F37A0032E8DD /* ScoreViewController.swift in Sources */ = {isa = PBXBuildFile; fileRef = 7F7A66582A32F37A0032E8DD /* ScoreViewController.swift */; };
		7F7A665B2A32F7340032E8DD /* quiz.csv in Resources */ = {isa = PBXBuildFile; fileRef = 7F7A665A2A32F7340032E8DD /* quiz.csv */; };
		7F7A66632A330CE10032E8DD /* correct.png in Resources */ = {isa = PBXBuildFile; fileRef = 7F7A66612A330CE10032E8DD /* correct.png */; };
		7F7A66642A330CE10032E8DD /* incorrect.png in Resources */ = {isa = PBXBuildFile; fileRef = 7F7A66622A330CE10032E8DD /* incorrect.png */; };
/* End PBXBuildFile section */

/* Begin PBXFileReference section */
		7F7A663F2A32EE070032E8DD /* SampleQuiz.app */ = {isa = PBXFileReference; explicitFileType = wrapper.application; includeInIndex = 0; path = SampleQuiz.app; sourceTree = BUILT_PRODUCTS_DIR; };
		7F7A66422A32EE070032E8DD /* AppDelegate.swift */ = {isa = PBXFileReference; lastKnownFileType = sourcecode.swift; path = AppDelegate.swift; sourceTree = "<group>"; };
		7F7A66442A32EE070032E8DD /* SceneDelegate.swift */ = {isa = PBXFileReference; lastKnownFileType = sourcecode.swift; path = SceneDelegate.swift; sourceTree = "<group>"; };
		7F7A66462A32EE070032E8DD /* ViewController.swift */ = {isa = PBXFileReference; lastKnownFileType = sourcecode.swift; path = ViewController.swift; sourceTree = "<group>"; };
		7F7A66492A32EE070032E8DD /* Base */ = {isa = PBXFileReference; lastKnownFileType = file.storyboard; name = Base; path = Base.lproj/Main.storyboard; sourceTree = "<group>"; };
		7F7A664B2A32EE080032E8DD /* Assets.xcassets */ = {isa = PBXFileReference; lastKnownFileType = folder.assetcatalog; path = Assets.xcassets; sourceTree = "<group>"; };
		7F7A664E2A32EE080032E8DD /* Base */ = {isa = PBXFileReference; lastKnownFileType = file.storyboard; name = Base; path = Base.lproj/LaunchScreen.storyboard; sourceTree = "<group>"; };
		7F7A66502A32EE080032E8DD /* Info.plist */ = {isa = PBXFileReference; lastKnownFileType = text.plist.xml; path = Info.plist; sourceTree = "<group>"; };
		7F7A66562A32F2240032E8DD /* QuizViewController.swift */ = {isa = PBXFileReference; lastKnownFileType = sourcecode.swift; path = QuizViewController.swift; sourceTree = "<group>"; };
		7F7A66582A32F37A0032E8DD /* ScoreViewController.swift */ = {isa = PBXFileReference; lastKnownFileType = sourcecode.swift; path = ScoreViewController.swift; sourceTree = "<group>"; };
		7F7A665A2A32F7340032E8DD /* quiz.csv */ = {isa = PBXFileReference; lastKnownFileType = text; path = quiz.csv; sourceTree = "<group>"; };
		7F7A66612A330CE10032E8DD /* correct.png */ = {isa = PBXFileReference; lastKnownFileType = image.png; path = correct.png; sourceTree = "<group>"; };
		7F7A66622A330CE10032E8DD /* incorrect.png */ = {isa = PBXFileReference; lastKnownFileType = image.png; path = incorrect.png; sourceTree = "<group>"; };
/* End PBXFileReference section */

/* Begin PBXFrameworksBuildPhase section */
		7F7A663C2A32EE070032E8DD /* Frameworks */ = {
			isa = PBXFrameworksBuildPhase;
			buildActionMask = 2147483647;
			files = (
			);
			runOnlyForDeploymentPostprocessing = 0;
		};
/* End PBXFrameworksBuildPhase section */

/* Begin PBXGroup section */
		7F7A66362A32EE070032E8DD = {
			isa = PBXGroup;
			children = (
				7F7A66412A32EE070032E8DD /* SampleQuiz */,
				7F7A66402A32EE070032E8DD /* Products */,
			);
			sourceTree = "<group>";
		};
		7F7A66402A32EE070032E8DD /* Products */ = {
			isa = PBXGroup;
			children = (
				7F7A663F2A32EE070032E8DD /* SampleQuiz.app */,
			);
			name = Products;
			sourceTree = "<group>";
		};
		7F7A66412A32EE070032E8DD /* SampleQuiz */ = {
			isa = PBXGroup;
			children = (
				7F7A66422A32EE070032E8DD /* AppDelegate.swift */,
				7F7A66442A32EE070032E8DD /* SceneDelegate.swift */,
				7F7A665A2A32F7340032E8DD /* quiz.csv */,
				7F7A66462A32EE070032E8DD /* ViewController.swift */,
				7F7A66562A32F2240032E8DD /* QuizViewController.swift */,
				7F7A66582A32F37A0032E8DD /* ScoreViewController.swift */,
				7F7A66482A32EE070032E8DD /* Main.storyboard */,
				7F7A66602A330CE10032E8DD /* image */,
				7F7A664B2A32EE080032E8DD /* Assets.xcassets */,
				7F7A664D2A32EE080032E8DD /* LaunchScreen.storyboard */,
				7F7A66502A32EE080032E8DD /* Info.plist */,
			);
			path = SampleQuiz;
			sourceTree = "<group>";
		};
		7F7A66602A330CE10032E8DD /* image */ = {
			isa = PBXGroup;
			children = (
				7F7A66612A330CE10032E8DD /* correct.png */,
				7F7A66622A330CE10032E8DD /* incorrect.png */,
			);
			path = image;
			sourceTree = "<group>";
		};
/* End PBXGroup section */

/* Begin PBXNativeTarget section */
		7F7A663E2A32EE070032E8DD /* SampleQuiz */ = {
			isa = PBXNativeTarget;
			buildConfigurationList = 7F7A66532A32EE080032E8DD /* Build configuration list for PBXNativeTarget "SampleQuiz" */;
			buildPhases = (
				7F7A663B2A32EE070032E8DD /* Sources */,
				7F7A663C2A32EE070032E8DD /* Frameworks */,
				7F7A663D2A32EE070032E8DD /* Resources */,
			);
			buildRules = (
			);
			dependencies = (
			);
			name = SampleQuiz;
			productName = SampleQuiz;
			productReference = 7F7A663F2A32EE070032E8DD /* SampleQuiz.app */;
			productType = "com.apple.product-type.application";
		};
/* End PBXNativeTarget section */

/* Begin PBXProject section */
		7F7A66372A32EE070032E8DD /* Project object */ = {
			isa = PBXProject;
			attributes = {
				BuildIndependentTargetsInParallel = 1;
				LastSwiftUpdateCheck = 1430;
				LastUpgradeCheck = 1430;
				TargetAttributes = {
					7F7A663E2A32EE070032E8DD = {
						CreatedOnToolsVersion = 14.3.1;
					};
				};
			};
			buildConfigurationList = 7F7A663A2A32EE070032E8DD /* Build configuration list for PBXProject "SampleQuiz" */;
			compatibilityVersion = "Xcode 14.0";
			developmentRegion = en;
			hasScannedForEncodings = 0;
			knownRegions = (
				en,
				Base,
			);
			mainGroup = 7F7A66362A32EE070032E8DD;
			productRefGroup = 7F7A66402A32EE070032E8DD /* Products */;
			projectDirPath = "";
			projectRoot = "";
			targets = (
				7F7A663E2A32EE070032E8DD /* SampleQuiz */,
			);
		};
/* End PBXProject section */

/* Begin PBXResourcesBuildPhase section */
		7F7A663D2A32EE070032E8DD /* Resources */ = {
			isa = PBXResourcesBuildPhase;
			buildActionMask = 2147483647;
			files = (
				7F7A66632A330CE10032E8DD /* correct.png in Resources */,
				7F7A66642A330CE10032E8DD /* incorrect.png in Resources */,
				7F7A664F2A32EE080032E8DD /* LaunchScreen.storyboard in Resources */,
				7F7A664C2A32EE080032E8DD /* Assets.xcassets in Resources */,
				7F7A664A2A32EE070032E8DD /* Main.storyboard in Resources */,
				7F7A665B2A32F7340032E8DD /* quiz.csv in Resources */,
			);
			runOnlyForDeploymentPostprocessing = 0;
		};
/* End PBXResourcesBuildPhase section */

/* Begin PBXSourcesBuildPhase section */
		7F7A663B2A32EE070032E8DD /* Sources */ = {
			isa = PBXSourcesBuildPhase;
			buildActionMask = 2147483647;
			files = (
				7F7A66472A32EE070032E8DD /* ViewController.swift in Sources */,
				7F7A66432A32EE070032E8DD /* AppDelegate.swift in Sources */,
				7F7A66592A32F37A0032E8DD /* ScoreViewController.swift in Sources */,
				7F7A66452A32EE070032E8DD /* SceneDelegate.swift in Sources */,
				7F7A66572A32F2240032E8DD /* QuizViewController.swift in Sources */,
			);
			runOnlyForDeploymentPostprocessing = 0;
		};
/* End PBXSourcesBuildPhase section */

/* Begin PBXVariantGroup section */
		7F7A66482A32EE070032E8DD /* Main.storyboard */ = {
			isa = PBXVariantGroup;
			children = (
				7F7A66492A32EE070032E8DD /* Base */,
			);
			name = Main.storyboard;
			sourceTree = "<group>";
		};
		7F7A664D2A32EE080032E8DD /* LaunchScreen.storyboard */ = {
			isa = PBXVariantGroup;
			children = (
				7F7A664E2A32EE080032E8DD /* Base */,
			);
			name = LaunchScreen.storyboard;
			sourceTree = "<group>";
		};
/* End PBXVariantGroup section */

/* Begin XCBuildConfiguration section */
		7F7A66512A32EE080032E8DD /* Debug */ = {
			isa = XCBuildConfiguration;
			buildSettings = {
				ALWAYS_SEARCH_USER_PATHS = NO;
				CLANG_ANALYZER_NONNULL = YES;
				CLANG_ANALYZER_NUMBER_OBJECT_CONVERSION = YES_AGGRESSIVE;
				CLANG_CXX_LANGUAGE_STANDARD = "gnu++20";
				CLANG_ENABLE_MODULES = YES;
				CLANG_ENABLE_OBJC_ARC = YES;
				CLANG_ENABLE_OBJC_WEAK = YES;
				CLANG_WARN_BLOCK_CAPTURE_AUTORELEASING = YES;
				CLANG_WARN_BOOL_CONVERSION = YES;
				CLANG_WARN_COMMA = YES;
				CLANG_WARN_CONSTANT_CONVERSION = YES;
				CLANG_WARN_DEPRECATED_OBJC_IMPLEMENTATIONS = YES;
				CLANG_WARN_DIRECT_OBJC_ISA_USAGE = YES_ERROR;
				CLANG_WARN_DOCUMENTATION_COMMENTS = YES;
				CLANG_WARN_EMPTY_BODY = YES;
				CLANG_WARN_ENUM_CONVERSION = YES;
				CLANG_WARN_INFINITE_RECURSION = YES;
				CLANG_WARN_INT_CONVERSION = YES;
				CLANG_WARN_NON_LITERAL_NULL_CONVERSION = YES;
				CLANG_WARN_OBJC_IMPLICIT_RETAIN_SELF = YES;
				CLANG_WARN_OBJC_LITERAL_CONVERSION = YES;
				CLANG_WARN_OBJC_ROOT_CLASS = YES_ERROR;
				CLANG_WARN_QUOTED_INCLUDE_IN_FRAMEWORK_HEADER = YES;
				CLANG_WARN_RANGE_LOOP_ANALYSIS = YES;
				CLANG_WARN_STRICT_PROTOTYPES = YES;
				CLANG_WARN_SUSPICIOUS_MOVE = YES;
				CLANG_WARN_UNGUARDED_AVAILABILITY = YES_AGGRESSIVE;
				CLANG_WARN_UNREACHABLE_CODE = YES;
				CLANG_WARN__DUPLICATE_METHOD_MATCH = YES;
				COPY_PHASE_STRIP = NO;
				DEBUG_INFORMATION_FORMAT = dwarf;
				ENABLE_STRICT_OBJC_MSGSEND = YES;
				ENABLE_TESTABILITY = YES;
				GCC_C_LANGUAGE_STANDARD = gnu11;
				GCC_DYNAMIC_NO_PIC = NO;
				GCC_NO_COMMON_BLOCKS = YES;
				GCC_OPTIMIZATION_LEVEL = 0;
				GCC_PREPROCESSOR_DEFINITIONS = (
					"DEBUG=1",
					"$(inherited)",
				);
				GCC_WARN_64_TO_32_BIT_CONVERSION = YES;
				GCC_WARN_ABOUT_RETURN_TYPE = YES_ERROR;
				GCC_WARN_UNDECLARED_SELECTOR = YES;
				GCC_WARN_UNINITIALIZED_AUTOS = YES_AGGRESSIVE;
				GCC_WARN_UNUSED_FUNCTION = YES;
				GCC_WARN_UNUSED_VARIABLE = YES;
				IPHONEOS_DEPLOYMENT_TARGET = 16.4;
				MTL_ENABLE_DEBUG_INFO = INCLUDE_SOURCE;
				MTL_FAST_MATH = YES;
				ONLY_ACTIVE_ARCH = YES;
				SDKROOT = iphoneos;
				SWIFT_ACTIVE_COMPILATION_CONDITIONS = DEBUG;
				SWIFT_OPTIMIZATION_LEVEL = "-Onone";
			};
			name = Debug;
		};
		7F7A66522A32EE080032E8DD /* Release */ = {
			isa = XCBuildConfiguration;
			buildSettings = {
				ALWAYS_SEARCH_USER_PATHS = NO;
				CLANG_ANALYZER_NONNULL = YES;
				CLANG_ANALYZER_NUMBER_OBJECT_CONVERSION = YES_AGGRESSIVE;
				CLANG_CXX_LANGUAGE_STANDARD = "gnu++20";
				CLANG_ENABLE_MODULES = YES;
				CLANG_ENABLE_OBJC_ARC = YES;
				CLANG_ENABLE_OBJC_WEAK = YES;
				CLANG_WARN_BLOCK_CAPTURE_AUTORELEASING = YES;
				CLANG_WARN_BOOL_CONVERSION = YES;
				CLANG_WARN_COMMA = YES;
				CLANG_WARN_CONSTANT_CONVERSION = YES;
				CLANG_WARN_DEPRECATED_OBJC_IMPLEMENTATIONS = YES;
				CLANG_WARN_DIRECT_OBJC_ISA_USAGE = YES_ERROR;
				CLANG_WARN_DOCUMENTATION_COMMENTS = YES;
				CLANG_WARN_EMPTY_BODY = YES;
				CLANG_WARN_ENUM_CONVERSION = YES;
				CLANG_WARN_INFINITE_RECURSION = YES;
				CLANG_WARN_INT_CONVERSION = YES;
				CLANG_WARN_NON_LITERAL_NULL_CONVERSION = YES;
				CLANG_WARN_OBJC_IMPLICIT_RETAIN_SELF = YES;
				CLANG_WARN_OBJC_LITERAL_CONVERSION = YES;
				CLANG_WARN_OBJC_ROOT_CLASS = YES_ERROR;
				CLANG_WARN_QUOTED_INCLUDE_IN_FRAMEWORK_HEADER = YES;
				CLANG_WARN_RANGE_LOOP_ANALYSIS = YES;
				CLANG_WARN_STRICT_PROTOTYPES = YES;
				CLANG_WARN_SUSPICIOUS_MOVE = YES;
				CLANG_WARN_UNGUARDED_AVAILABILITY = YES_AGGRESSIVE;
				CLANG_WARN_UNREACHABLE_CODE = YES;
				CLANG_WARN__DUPLICATE_METHOD_MATCH = YES;
				COPY_PHASE_STRIP = NO;
				DEBUG_INFORMATION_FORMAT = "dwarf-with-dsym";
				ENABLE_NS_ASSERTIONS = NO;
				ENABLE_STRICT_OBJC_MSGSEND = YES;
				GCC_C_LANGUAGE_STANDARD = gnu11;
				GCC_NO_COMMON_BLOCKS = YES;
				GCC_WARN_64_TO_32_BIT_CONVERSION = YES;
				GCC_WARN_ABOUT_RETURN_TYPE = YES_ERROR;
				GCC_WARN_UNDECLARED_SELECTOR = YES;
				GCC_WARN_UNINITIALIZED_AUTOS = YES_AGGRESSIVE;
				GCC_WARN_UNUSED_FUNCTION = YES;
				GCC_WARN_UNUSED_VARIABLE = YES;
				IPHONEOS_DEPLOYMENT_TARGET = 16.4;
				MTL_ENABLE_DEBUG_INFO = NO;
				MTL_FAST_MATH = YES;
				SDKROOT = iphoneos;
				SWIFT_COMPILATION_MODE = wholemodule;
				SWIFT_OPTIMIZATION_LEVEL = "-O";
				VALIDATE_PRODUCT = YES;
			};
			name = Release;
		};
		7F7A66542A32EE080032E8DD /* Debug */ = {
			isa = XCBuildConfiguration;
			buildSettings = {
				ASSETCATALOG_COMPILER_APPICON_NAME = AppIcon;
				ASSETCATALOG_COMPILER_GLOBAL_ACCENT_COLOR_NAME = AccentColor;
				CODE_SIGN_STYLE = Automatic;
				CURRENT_PROJECT_VERSION = 1;
				DEVELOPMENT_TEAM = GBM886534T;
				GENERATE_INFOPLIST_FILE = YES;
				INFOPLIST_FILE = SampleQuiz/Info.plist;
				INFOPLIST_KEY_UIApplicationSupportsIndirectInputEvents = YES;
				INFOPLIST_KEY_UILaunchStoryboardName = LaunchScreen;
				INFOPLIST_KEY_UIMainStoryboardFile = Main;
				INFOPLIST_KEY_UISupportedInterfaceOrientations_iPad = "UIInterfaceOrientationPortrait UIInterfaceOrientationPortraitUpsideDown UIInterfaceOrientationLandscapeLeft UIInterfaceOrientationLandscapeRight";
				INFOPLIST_KEY_UISupportedInterfaceOrientations_iPhone = "UIInterfaceOrientationPortrait UIInterfaceOrientationLandscapeLeft UIInterfaceOrientationLandscapeRight";
				LD_RUNPATH_SEARCH_PATHS = (
					"$(inherited)",
					"@executable_path/Frameworks",
				);
				MARKETING_VERSION = 1.0;
				PRODUCT_BUNDLE_IDENTIFIER = net.madokarun.SampleQuiz;
				PRODUCT_NAME = "$(TARGET_NAME)";
				SWIFT_EMIT_LOC_STRINGS = YES;
				SWIFT_VERSION = 5.0;
				TARGETED_DEVICE_FAMILY = "1,2";
			};
			name = Debug;
		};
		7F7A66552A32EE080032E8DD /* Release */ = {
			isa = XCBuildConfiguration;
			buildSettings = {
				ASSETCATALOG_COMPILER_APPICON_NAME = AppIcon;
				ASSETCATALOG_COMPILER_GLOBAL_ACCENT_COLOR_NAME = AccentColor;
				CODE_SIGN_STYLE = Automatic;
				CURRENT_PROJECT_VERSION = 1;
				DEVELOPMENT_TEAM = GBM886534T;
				GENERATE_INFOPLIST_FILE = YES;
				INFOPLIST_FILE = SampleQuiz/Info.plist;
				INFOPLIST_KEY_UIApplicationSupportsIndirectInputEvents = YES;
				INFOPLIST_KEY_UILaunchStoryboardName = LaunchScreen;
				INFOPLIST_KEY_UIMainStoryboardFile = Main;
				INFOPLIST_KEY_UISupportedInterfaceOrientations_iPad = "UIInterfaceOrientationPortrait UIInterfaceOrientationPortraitUpsideDown UIInterfaceOrientationLandscapeLeft UIInterfaceOrientationLandscapeRight";
				INFOPLIST_KEY_UISupportedInterfaceOrientations_iPhone = "UIInterfaceOrientationPortrait UIInterfaceOrientationLandscapeLeft UIInterfaceOrientationLandscapeRight";
				LD_RUNPATH_SEARCH_PATHS = (
					"$(inherited)",
					"@executable_path/Frameworks",
				);
				MARKETING_VERSION = 1.0;
				PRODUCT_BUNDLE_IDENTIFIER = net.madokarun.SampleQuiz;
				PRODUCT_NAME = "$(TARGET_NAME)";
				SWIFT_EMIT_LOC_STRINGS = YES;
				SWIFT_VERSION = 5.0;
				TARGETED_DEVICE_FAMILY = "1,2";
			};
			name = Release;
		};
/* End XCBuildConfiguration section */

/* Begin XCConfigurationList section */
		7F7A663A2A32EE070032E8DD /* Build configuration list for PBXProject "SampleQuiz" */ = {
			isa = XCConfigurationList;
			buildConfigurations = (
				7F7A66512A32EE080032E8DD /* Debug */,
				7F7A66522A32EE080032E8DD /* Release */,
			);
			defaultConfigurationIsVisible = 0;
			defaultConfigurationName = Release;
		};
		7F7A66532A32EE080032E8DD /* Build configuration list for PBXNativeTarget "SampleQuiz" */ = {
			isa = XCConfigurationList;
			buildConfigurations = (
				7F7A66542A32EE080032E8DD /* Debug */,
				7F7A66552A32EE080032E8DD /* Release */,
			);
			defaultConfigurationIsVisible = 0;
			defaultConfigurationName = Release;
		};
/* End XCConfigurationList section */
	};
	rootObject = 7F7A66372A32EE070032E8DD /* Project object */;
}
